
Microsoft Visual Studio Solution File, Format Version 12.00
# Visual Studio Version 17
VisualStudioVersion = 17.0.32014.148
MinimumVisualStudioVersion = 10.0.40219.1
Project("{FAE04EC0-301F-11D3-BF4B-00C04F79EFBC}") = "AutocompleteDoubleClick", "AutocompleteDoubleClick.csproj", "{3F1FAC65-57E0-416D-8DE9-B7304F42096A}"
EndProject
Global
	GlobalSection(SolutionConfigurationPlatforms) = preSolution
		Debug|Any CPU = Debug|Any CPU
		Release|Any CPU = Release|Any CPU
	EndGlobalSection
	GlobalSection(ProjectConfigurationPlatforms) = postSolution
		{3F1FAC65-57E0-416D-8DE9-B7304F42096A}.Debug|Any CPU.ActiveCfg = Debug|Any CPU
		{3F1FAC65-57E0-416D-8DE9-B7304F42096A}.Debug|Any CPU.Build.0 = Debug|Any CPU
		{3F1FAC65-57E0-416D-8DE9-B7304F42096A}.Release|Any CPU.ActiveCfg = Release|Any CPU
		{3F1FAC65-57E0-416D-8DE9-B7304F42096A}.Release|Any CPU.Build.0 = Release|Any CPU
	EndGlobalSection
	GlobalSection(SolutionProperties) = preSolution
		HideSolutionNode = FALSE
	EndGlobalSection
	GlobalSection(ExtensibilityGlobals) = postSolution
		SolutionGuid = {2B7111F5-D51A-4E63-829E-44ED67768960}
	EndGlobalSection
EndGlobal
